
Microsoft Visual Studio Solution File, Format Version 12.00
# Visual Studio 15
VisualStudioVersion = 15.0.28010.2036
MinimumVisualStudioVersion = 10.0.40219.1
Project("{2150E333-8FDC-42A3-9474-1A3956D46DE8}") = "src", "src", "{A3FB811A-7395-4DA7-AF4D-D79D6B6C6B1B}"
EndProject
Project("{FAE04EC0-301F-11D3-BF4B-00C04F79EFBC}") = "TestOkur.TestHelper", "src\TestOkur.TestHelper\TestOkur.TestHelper.csproj", "{804E77D2-BDC4-4CAD-B0B4-D59E4556A0DB}"
EndProject
Global
	GlobalSection(SolutionConfigurationPlatforms) = preSolution
		Debug|Any CPU = Debug|Any CPU
		Release|Any CPU = Release|Any CPU
	EndGlobalSection
	GlobalSection(ProjectConfigurationPlatforms) = postSolution
		{804E77D2-BDC4-4CAD-B0B4-D59E4556A0DB}.Debug|Any CPU.ActiveCfg = Debug|Any CPU
		{804E77D2-BDC4-4CAD-B0B4-D59E4556A0DB}.Debug|Any CPU.Build.0 = Debug|Any CPU
		{804E77D2-BDC4-4CAD-B0B4-D59E4556A0DB}.Release|Any CPU.ActiveCfg = Release|Any CPU
		{804E77D2-BDC4-4CAD-B0B4-D59E4556A0DB}.Release|Any CPU.Build.0 = Release|Any CPU
	EndGlobalSection
	GlobalSection(SolutionProperties) = preSolution
		HideSolutionNode = FALSE
	EndGlobalSection
	GlobalSection(NestedProjects) = preSolution
		{804E77D2-BDC4-4CAD-B0B4-D59E4556A0DB} = {A3FB811A-7395-4DA7-AF4D-D79D6B6C6B1B}
	EndGlobalSection
	GlobalSection(ExtensibilityGlobals) = postSolution
		SolutionGuid = {7E8423F2-4860-4950-8396-8F345EB44168}
	EndGlobalSection
EndGlobal
